
Microsoft Visual Studio Solution File, Format Version 12.00
# Visual Studio Version 17
VisualStudioVersion = 17.11.35312.102
MinimumVisualStudioVersion = 10.0.40219.1
Project("{FAE04EC0-301F-11D3-BF4B-00C04F79EFBC}") = "Task-04", "Task-04\Task-04.csproj", "{395FBF19-4B83-4DBD-8AF8-526AD13F81E7}"
EndProject
Global
	GlobalSection(SolutionConfigurationPlatforms) = preSolution
		Debug|Any CPU = Debug|Any CPU
		Release|Any CPU = Release|Any CPU
	EndGlobalSection
	GlobalSection(ProjectConfigurationPlatforms) = postSolution
		{395FBF19-4B83-4DBD-8AF8-526AD13F81E7}.Debug|Any CPU.ActiveCfg = Debug|Any CPU
		{395FBF19-4B83-4DBD-8AF8-526AD13F81E7}.Debug|Any CPU.Build.0 = Debug|Any CPU
		{395FBF19-4B83-4DBD-8AF8-526AD13F81E7}.Release|Any CPU.ActiveCfg = Release|Any CPU
		{395FBF19-4B83-4DBD-8AF8-526AD13F81E7}.Release|Any CPU.Build.0 = Release|Any CPU
	EndGlobalSection
	GlobalSection(SolutionProperties) = preSolution
		HideSolutionNode = FALSE
	EndGlobalSection
	GlobalSection(ExtensibilityGlobals) = postSolution
		SolutionGuid = {536F96F6-4127-4DD1-8494-AABF800C26A3}
	EndGlobalSection
EndGlobal
