
Microsoft Visual Studio Solution File, Format Version 12.00
# Visual Studio Version 17
VisualStudioVersion = 17.11.35312.102
MinimumVisualStudioVersion = 10.0.40219.1
Project("{FAE04EC0-301F-11D3-BF4B-00C04F79EFBC}") = "Task-1 Lab-04", "Task-1 Lab-04\Task-1 Lab-04.csproj", "{332069F0-613D-4374-94A5-12C6D9AF2994}"
EndProject
Global
	GlobalSection(SolutionConfigurationPlatforms) = preSolution
		Debug|Any CPU = Debug|Any CPU
		Release|Any CPU = Release|Any CPU
	EndGlobalSection
	GlobalSection(ProjectConfigurationPlatforms) = postSolution
		{332069F0-613D-4374-94A5-12C6D9AF2994}.Debug|Any CPU.ActiveCfg = Debug|Any CPU
		{332069F0-613D-4374-94A5-12C6D9AF2994}.Debug|Any CPU.Build.0 = Debug|Any CPU
		{332069F0-613D-4374-94A5-12C6D9AF2994}.Release|Any CPU.ActiveCfg = Release|Any CPU
		{332069F0-613D-4374-94A5-12C6D9AF2994}.Release|Any CPU.Build.0 = Release|Any CPU
	EndGlobalSection
	GlobalSection(SolutionProperties) = preSolution
		HideSolutionNode = FALSE
	EndGlobalSection
	GlobalSection(ExtensibilityGlobals) = postSolution
		SolutionGuid = {C88A420C-EFDE-419C-A5E6-95A491B838A9}
	EndGlobalSection
EndGlobal
