
Microsoft Visual Studio Solution File, Format Version 12.00
# Visual Studio Version 17
VisualStudioVersion = 17.11.35312.102
MinimumVisualStudioVersion = 10.0.40219.1
Project("{FAE04EC0-301F-11D3-BF4B-00C04F79EFBC}") = "Task-08", "Task-08\Task-08.csproj", "{68056BAC-E12E-40B6-9A84-B77FD4E897C6}"
EndProject
Global
	GlobalSection(SolutionConfigurationPlatforms) = preSolution
		Debug|Any CPU = Debug|Any CPU
		Release|Any CPU = Release|Any CPU
	EndGlobalSection
	GlobalSection(ProjectConfigurationPlatforms) = postSolution
		{68056BAC-E12E-40B6-9A84-B77FD4E897C6}.Debug|Any CPU.ActiveCfg = Debug|Any CPU
		{68056BAC-E12E-40B6-9A84-B77FD4E897C6}.Debug|Any CPU.Build.0 = Debug|Any CPU
		{68056BAC-E12E-40B6-9A84-B77FD4E897C6}.Release|Any CPU.ActiveCfg = Release|Any CPU
		{68056BAC-E12E-40B6-9A84-B77FD4E897C6}.Release|Any CPU.Build.0 = Release|Any CPU
	EndGlobalSection
	GlobalSection(SolutionProperties) = preSolution
		HideSolutionNode = FALSE
	EndGlobalSection
	GlobalSection(ExtensibilityGlobals) = postSolution
		SolutionGuid = {428C0E2C-7B20-46D8-B102-924231AA7CAF}
	EndGlobalSection
EndGlobal
