
Microsoft Visual Studio Solution File, Format Version 12.00
# Visual Studio Version 17
VisualStudioVersion = 17.11.35312.102
MinimumVisualStudioVersion = 10.0.40219.1
Project("{FAE04EC0-301F-11D3-BF4B-00C04F79EFBC}") = "Ex Task-7", "Ex Task-7\Ex Task-7.csproj", "{5891C1CF-D4C4-437E-BA5E-267F5BE83524}"
EndProject
Global
	GlobalSection(SolutionConfigurationPlatforms) = preSolution
		Debug|Any CPU = Debug|Any CPU
		Release|Any CPU = Release|Any CPU
	EndGlobalSection
	GlobalSection(ProjectConfigurationPlatforms) = postSolution
		{5891C1CF-D4C4-437E-BA5E-267F5BE83524}.Debug|Any CPU.ActiveCfg = Debug|Any CPU
		{5891C1CF-D4C4-437E-BA5E-267F5BE83524}.Debug|Any CPU.Build.0 = Debug|Any CPU
		{5891C1CF-D4C4-437E-BA5E-267F5BE83524}.Release|Any CPU.ActiveCfg = Release|Any CPU
		{5891C1CF-D4C4-437E-BA5E-267F5BE83524}.Release|Any CPU.Build.0 = Release|Any CPU
	EndGlobalSection
	GlobalSection(SolutionProperties) = preSolution
		HideSolutionNode = FALSE
	EndGlobalSection
	GlobalSection(ExtensibilityGlobals) = postSolution
		SolutionGuid = {A4657AE8-FA56-4FE9-8640-7EB6B5A7264C}
	EndGlobalSection
EndGlobal
