
Microsoft Visual Studio Solution File, Format Version 12.00
# Visual Studio Version 17
VisualStudioVersion = 17.11.35312.102
MinimumVisualStudioVersion = 10.0.40219.1
Project("{FAE04EC0-301F-11D3-BF4B-00C04F79EFBC}") = "233543 Assign-03", "233543 Assign-03\233543 Assign-03.csproj", "{18AB41C0-08F4-454B-882B-00DB436DD175}"
EndProject
Global
	GlobalSection(SolutionConfigurationPlatforms) = preSolution
		Debug|Any CPU = Debug|Any CPU
		Release|Any CPU = Release|Any CPU
	EndGlobalSection
	GlobalSection(ProjectConfigurationPlatforms) = postSolution
		{18AB41C0-08F4-454B-882B-00DB436DD175}.Debug|Any CPU.ActiveCfg = Debug|Any CPU
		{18AB41C0-08F4-454B-882B-00DB436DD175}.Debug|Any CPU.Build.0 = Debug|Any CPU
		{18AB41C0-08F4-454B-882B-00DB436DD175}.Release|Any CPU.ActiveCfg = Release|Any CPU
		{18AB41C0-08F4-454B-882B-00DB436DD175}.Release|Any CPU.Build.0 = Release|Any CPU
	EndGlobalSection
	GlobalSection(SolutionProperties) = preSolution
		HideSolutionNode = FALSE
	EndGlobalSection
	GlobalSection(ExtensibilityGlobals) = postSolution
		SolutionGuid = {194CDA47-6A33-40E3-A712-A0E5C18B5CF0}
	EndGlobalSection
EndGlobal
